NeoBundleLock neobundle.vim 108ce2c80e0af6898f967f4df7ff189368351ff6
NeoBundleLock nerdtree 86e2e40af161e65a3ad671214f16f23af360a5a7
NeoBundleLock open-browser.vim f8ca30be639c9c36652db4d77da67d1554468155
NeoBundleLock previm 5cefe4f92e2259cbc8009d5d8d5d9b1ff50e2b2b
NeoBundleLock vim-javascript-syntax c907b157ab22c73c517e07d29f7a753bbf8b8206
NeoBundleLock vim-markdown 81e1f07a8482b34ea8c59f6800e7e8dec7bf56b9
